
Microsoft Visual Studio Solution File, Format Version 12.00
# Visual Studio Version 17
VisualStudioVersion = 17.9.34728.123
MinimumVisualStudioVersion = 10.0.40219.1
Project("{FAE04EC0-301F-11D3-BF4B-00C04F79EFBC}") = "Vviewer", "Vviewer\Vviewer.csproj", "{4F32F921-4C51-4848-8A3B-2B2721BDE579}"
EndProject
Global
	GlobalSection(SolutionConfigurationPlatforms) = preSolution
		Debug|Any CPU = Debug|Any CPU
		Release|Any CPU = Release|Any CPU
	EndGlobalSection
	GlobalSection(ProjectConfigurationPlatforms) = postSolution
		{4F32F921-4C51-4848-8A3B-2B2721BDE579}.Debug|Any CPU.ActiveCfg = Debug|Any CPU
		{4F32F921-4C51-4848-8A3B-2B2721BDE579}.Debug|Any CPU.Build.0 = Debug|Any CPU
		{4F32F921-4C51-4848-8A3B-2B2721BDE579}.Release|Any CPU.ActiveCfg = Release|Any CPU
		{4F32F921-4C51-4848-8A3B-2B2721BDE579}.Release|Any CPU.Build.0 = Release|Any CPU
	EndGlobalSection
	GlobalSection(SolutionProperties) = preSolution
		HideSolutionNode = FALSE
	EndGlobalSection
	GlobalSection(ExtensibilityGlobals) = postSolution
		SolutionGuid = {7F30B9CA-C633-4CBB-847A-74E7873509DD}
	EndGlobalSection
EndGlobal
